<Solution>
  <Project Path="Semillero.IT.Web/SemilleroIT.Web.csproj" Id="56bc37dd-1d2b-4368-b062-9ea0963beb93" />
  <Project Path="SemilleroIT.Data/SemilleroIT.Persistence.csproj" Id="3d7f0215-ef2a-46e3-ac50-5831694f1b53" />
  <Project Path="SemilleroIT.Domain/SemilleroIT.Domain.csproj" Id="f24a6374-f026-4654-bce3-09d0f62b2d52" />
  <Project Path="SemilleroIT.Services/SemilleroIT.Services.csproj" Id="d18472f2-9584-4753-a5be-3d5a560246f6" />
</Solution>
